{
  "name": "backend",
  "lockfileVersion": 3,
  "requires": true,
  "packages": {
    "": {
      "dependencies": {
        "beecal-common": "file:../beecal-common",
        "beecal-unibo": "file:../providers/beecal-unibo"
      }
    },
    "../beecal-common": {
      "version": "1.0.0",
      "license": "AGPL-3.0-or-later",
      "devDependencies": {
        "typescript": "^7.0.2"
      }
    },
    "../providers/beecal-unibo": {
      "version": "1.0.0",
      "license": "AGPL-3.0-or-later",
      "dependencies": {
        "beecal-common": "file:../../beecal-common",
        "cheerio": "^1.0.0-rc.10",
        "csv-parser": "^3.2.1",
        "temp-dir": "^3.0.0"
      },
      "devDependencies": {
        "@types/node": "^26.4.1",
        "typescript": "^7.0.2"
      }
    },
    "node_modules/beecal-common": {
      "resolved": "../beecal-common",
      "link": true
    },
    "node_modules/beecal-unibo": {
      "resolved": "../providers/beecal-unibo",
      "link": true
    }
  }
}
